
Microsoft Visual Studio Solution File, Format Version 12.00
# Visual Studio Version 16
VisualStudioVersion = 16.0.31321.278
MinimumVisualStudioVersion = 10.0.40219.1
Project("{FAE04EC0-301F-11D3-BF4B-00C04F79EFBC}") = "gouthamapp", "gouthamapp\gouthamapp.csproj", "{156E5896-95DE-401E-9534-BDE84E6BB7D0}"
EndProject
Global
	GlobalSection(SolutionConfigurationPlatforms) = preSolution
		Debug|Any CPU = Debug|Any CPU
		Release|Any CPU = Release|Any CPU
	EndGlobalSection
	GlobalSection(ProjectConfigurationPlatforms) = postSolution
		{156E5896-95DE-401E-9534-BDE84E6BB7D0}.Debug|Any CPU.ActiveCfg = Debug|Any CPU
		{156E5896-95DE-401E-9534-BDE84E6BB7D0}.Debug|Any CPU.Build.0 = Debug|Any CPU
		{156E5896-95DE-401E-9534-BDE84E6BB7D0}.Release|Any CPU.ActiveCfg = Release|Any CPU
		{156E5896-95DE-401E-9534-BDE84E6BB7D0}.Release|Any CPU.Build.0 = Release|Any CPU
	EndGlobalSection
	GlobalSection(SolutionProperties) = preSolution
		HideSolutionNode = FALSE
	EndGlobalSection
	GlobalSection(ExtensibilityGlobals) = postSolution
		SolutionGuid = {1B8A7776-B034-4690-9BED-D02FA48555BB}
	EndGlobalSection
EndGlobal
